<?xml version="1.0" encoding="utf-8"?>
<Project ToolsVersion="4.0" xmlns="http://schemas.microsoft.com/developer/msbuild/2003">
  <ItemGroup>
    <Filter Include="Исходные файлы">
      <UniqueIdentifier>{4FC737F1-C7A5-4376-A066-2A32D752A2FF}</UniqueIdentifier>
      <Extensions>cpp;c;cc;cxx;c++;def;odl;idl;hpj;bat;asm;asmx</Extensions>
    </Filter>
    <Filter Include="Файлы заголовков">
      <UniqueIdentifier>{93995380-89BD-4b04-88EB-625FBE52EBFB}</UniqueIdentifier>
      <Extensions>h;hh;hpp;hxx;h++;hm;inl;inc;ipp;xsd</Extensions>
    </Filter>
    <Filter Include="Файлы ресурсов">
      <UniqueIdentifier>{67DA6AB6-F800-4c08-8B7A-83BB121AAD01}</UniqueIdentifier>
      <Extensions>rc;ico;cur;bmp;dlg;rc2;rct;bin;rgs;gif;jpg;jpeg;jpe;resx;tiff;tif;png;wav;mfcribbon-ms</Extensions>
    </Filter>
    <Filter Include="Исходные файлы\CRUD">
      <UniqueIdentifier>{fb5cb6fb-f7eb-4920-a405-9b45963c3476}</UniqueIdentifier>
    </Filter>
    <Filter Include="Исходные файлы\memory managment">
      <UniqueIdentifier>{c1bc5707-7660-42c3-87f4-f52778ea7dbc}</UniqueIdentifier>
    </Filter>
    <Filter Include="Исходные файлы\utility">
      <UniqueIdentifier>{c745315a-fc9c-44a9-99ad-0c32335ae5f6}</UniqueIdentifier>
    </Filter>
    <Filter Include="Исходные файлы\MAIN">
      <UniqueIdentifier>{18ca555f-2419-44be-ba0c-99a7bd373ceb}</UniqueIdentifier>
    </Filter>
  </ItemGroup>
  <ItemGroup>
    <ClCompile Include="create.c">
      <Filter>Исходные файлы\CRUD</Filter>
    </ClCompile>
    <ClCompile Include="read.c">
      <Filter>Исходные файлы\CRUD</Filter>
    </ClCompile>
    <ClCompile Include="delete.c">
      <Filter>Исходные файлы\CRUD</Filter>
    </ClCompile>
    <ClCompile Include="update.c">
      <Filter>Исходные файлы\CRUD</Filter>
    </ClCompile>
    <ClCompile Include="memory.c">
      <Filter>Исходные файлы\memory managment</Filter>
    </ClCompile>
    <ClCompile Include="search.c">
      <Filter>Исходные файлы\utility</Filter>
    </ClCompile>
    <ClCompile Include="visual.c">
      <Filter>Исходные файлы\utility</Filter>
    </ClCompile>
    <ClCompile Include="main.c">
      <Filter>Исходные файлы\MAIN</Filter>
    </ClCompile>
  </ItemGroup>
  <ItemGroup>
    <ClInclude Include="create.h">
      <Filter>Исходные файлы\CRUD</Filter>
    </ClInclude>
    <ClInclude Include="delete.h">
      <Filter>Исходные файлы\CRUD</Filter>
    </ClInclude>
    <ClInclude Include="update.h">
      <Filter>Исходные файлы\CRUD</Filter>
    </ClInclude>
    <ClInclude Include="read.h">
      <Filter>Исходные файлы\CRUD</Filter>
    </ClInclude>
    <ClInclude Include="search.h">
      <Filter>Исходные файлы\utility</Filter>
    </ClInclude>
    <ClInclude Include="visual.h">
      <Filter>Исходные файлы\utility</Filter>
    </ClInclude>
    <ClInclude Include="phonebook.h">
      <Filter>Исходные файлы\MAIN</Filter>
    </ClInclude>
    <ClInclude Include="memory.h">
      <Filter>Исходные файлы\memory managment</Filter>
    </ClInclude>
  </ItemGroup>
</Project>