
Microsoft Visual Studio Solution File, Format Version 12.00
# Visual Studio Version 16
VisualStudioVersion = 16.0.30011.22
MinimumVisualStudioVersion = 10.0.40219.1
Project("{8BC9CEB8-8B4A-11D0-8D11-00A0C91BC942}") = "mydll", "mydll.vcxproj", "{E701A611-FC8E-4F53-8507-C0FC6D9365BC}"
EndProject
Project("{8BC9CEB8-8B4A-11D0-8D11-00A0C91BC942}") = "Project1", "Project1\Project1.vcxproj", "{E800323A-30DB-429A-8F26-BD041C711380}"
EndProject
Global
	GlobalSection(SolutionConfigurationPlatforms) = preSolution
		Debug|x64 = Debug|x64
		Debug|x86 = Debug|x86
		Release|x64 = Release|x64
		Release|x86 = Release|x86
	EndGlobalSection
	GlobalSection(ProjectConfigurationPlatforms) = postSolution
		{E701A611-FC8E-4F53-8507-C0FC6D9365BC}.Debug|x64.ActiveCfg = Debug|x64
		{E701A611-FC8E-4F53-8507-C0FC6D9365BC}.Debug|x64.Build.0 = Debug|x64
		{E701A611-FC8E-4F53-8507-C0FC6D9365BC}.Debug|x86.ActiveCfg = Debug|Win32
		{E701A611-FC8E-4F53-8507-C0FC6D9365BC}.Debug|x86.Build.0 = Debug|Win32
		{E701A611-FC8E-4F53-8507-C0FC6D9365BC}.Release|x64.ActiveCfg = Release|x64
		{E701A611-FC8E-4F53-8507-C0FC6D9365BC}.Release|x64.Build.0 = Release|x64
		{E701A611-FC8E-4F53-8507-C0FC6D9365BC}.Release|x86.ActiveCfg = Release|Win32
		{E701A611-FC8E-4F53-8507-C0FC6D9365BC}.Release|x86.Build.0 = Release|Win32
		{E800323A-30DB-429A-8F26-BD041C711380}.Debug|x64.ActiveCfg = Debug|x64
		{E800323A-30DB-429A-8F26-BD041C711380}.Debug|x64.Build.0 = Debug|x64
		{E800323A-30DB-429A-8F26-BD041C711380}.Debug|x86.ActiveCfg = Debug|Win32
		{E800323A-30DB-429A-8F26-BD041C711380}.Debug|x86.Build.0 = Debug|Win32
		{E800323A-30DB-429A-8F26-BD041C711380}.Release|x64.ActiveCfg = Release|x64
		{E800323A-30DB-429A-8F26-BD041C711380}.Release|x64.Build.0 = Release|x64
		{E800323A-30DB-429A-8F26-BD041C711380}.Release|x86.ActiveCfg = Release|Win32
		{E800323A-30DB-429A-8F26-BD041C711380}.Release|x86.Build.0 = Release|Win32
	EndGlobalSection
	GlobalSection(SolutionProperties) = preSolution
		HideSolutionNode = FALSE
	EndGlobalSection
	GlobalSection(ExtensibilityGlobals) = postSolution
		SolutionGuid = {14EBC5C7-0F52-4630-A43B-73FDF7564004}
	EndGlobalSection
EndGlobal
