
Microsoft Visual Studio Solution File, Format Version 12.00
# Visual Studio Version 16
VisualStudioVersion = 16.0.30128.74
MinimumVisualStudioVersion = 10.0.40219.1
Project("{8BC9CEB8-8B4A-11D0-8D11-00A0C91BC942}") = "Bogdan", "Bogdan.vcxproj", "{C29E341A-1A37-48B9-B279-9551DD150701}"
EndProject
Global
	GlobalSection(SolutionConfigurationPlatforms) = preSolution
		Debug|x64 = Debug|x64
		Debug|x86 = Debug|x86
		Release|x64 = Release|x64
		Release|x86 = Release|x86
	EndGlobalSection
	GlobalSection(ProjectConfigurationPlatforms) = postSolution
		{C29E341A-1A37-48B9-B279-9551DD150701}.Debug|x64.ActiveCfg = Debug|x64
		{C29E341A-1A37-48B9-B279-9551DD150701}.Debug|x64.Build.0 = Debug|x64
		{C29E341A-1A37-48B9-B279-9551DD150701}.Debug|x86.ActiveCfg = Debug|Win32
		{C29E341A-1A37-48B9-B279-9551DD150701}.Debug|x86.Build.0 = Debug|Win32
		{C29E341A-1A37-48B9-B279-9551DD150701}.Release|x64.ActiveCfg = Release|x64
		{C29E341A-1A37-48B9-B279-9551DD150701}.Release|x64.Build.0 = Release|x64
		{C29E341A-1A37-48B9-B279-9551DD150701}.Release|x86.ActiveCfg = Release|Win32
		{C29E341A-1A37-48B9-B279-9551DD150701}.Release|x86.Build.0 = Release|Win32
	EndGlobalSection
	GlobalSection(SolutionProperties) = preSolution
		HideSolutionNode = FALSE
	EndGlobalSection
	GlobalSection(ExtensibilityGlobals) = postSolution
		SolutionGuid = {5E0B92EE-FE20-4488-B3CA-FB180A1D5882}
	EndGlobalSection
EndGlobal
