
Microsoft Visual Studio Solution File, Format Version 12.00
# Visual Studio Version 16
VisualStudioVersion = 16.0.30225.117
MinimumVisualStudioVersion = 10.0.40219.1
Project("{8BC9CEB8-8B4A-11D0-8D11-00A0C91BC942}") = "EVEREST_EXTRA", "EVEREST_EXTRA\EVEREST_EXTRA.vcxproj", "{63BEAB0F-B106-42BF-B86A-23939ED13D84}"
EndProject
Global
	GlobalSection(SolutionConfigurationPlatforms) = preSolution
		Debug|x64 = Debug|x64
		Debug|x86 = Debug|x86
		Release|x64 = Release|x64
		Release|x86 = Release|x86
	EndGlobalSection
	GlobalSection(ProjectConfigurationPlatforms) = postSolution
		{63BEAB0F-B106-42BF-B86A-23939ED13D84}.Debug|x64.ActiveCfg = Debug|x64
		{63BEAB0F-B106-42BF-B86A-23939ED13D84}.Debug|x64.Build.0 = Debug|x64
		{63BEAB0F-B106-42BF-B86A-23939ED13D84}.Debug|x86.ActiveCfg = Debug|Win32
		{63BEAB0F-B106-42BF-B86A-23939ED13D84}.Debug|x86.Build.0 = Debug|Win32
		{63BEAB0F-B106-42BF-B86A-23939ED13D84}.Release|x64.ActiveCfg = Release|x64
		{63BEAB0F-B106-42BF-B86A-23939ED13D84}.Release|x64.Build.0 = Release|x64
		{63BEAB0F-B106-42BF-B86A-23939ED13D84}.Release|x86.ActiveCfg = Release|Win32
		{63BEAB0F-B106-42BF-B86A-23939ED13D84}.Release|x86.Build.0 = Release|Win32
	EndGlobalSection
	GlobalSection(SolutionProperties) = preSolution
		HideSolutionNode = FALSE
	EndGlobalSection
	GlobalSection(ExtensibilityGlobals) = postSolution
		SolutionGuid = {FDA49B5F-8DBC-476F-AB85-BEB9B354EB2D}
	EndGlobalSection
EndGlobal
