
Microsoft Visual Studio Solution File, Format Version 12.00
# Visual Studio Version 16
VisualStudioVersion = 16.0.29905.134
MinimumVisualStudioVersion = 10.0.40219.1
Project("{8BC9CEB8-8B4A-11D0-8D11-00A0C91BC942}") = "Project18", "Project18\Project18.vcxproj", "{FA2AC685-12E6-4B2E-8E4A-BDCA16BAE1C8}"
EndProject
Project("{8BC9CEB8-8B4A-11D0-8D11-00A0C91BC942}") = "Project1", "Project1\Project1.vcxproj", "{C47D37C3-0831-4C45-9C0A-939105CC052A}"
EndProject
Global
	GlobalSection(SolutionConfigurationPlatforms) = preSolution
		Debug|x64 = Debug|x64
		Debug|x86 = Debug|x86
		Release|x64 = Release|x64
		Release|x86 = Release|x86
	EndGlobalSection
	GlobalSection(ProjectConfigurationPlatforms) = postSolution
		{FA2AC685-12E6-4B2E-8E4A-BDCA16BAE1C8}.Debug|x64.ActiveCfg = Debug|x64
		{FA2AC685-12E6-4B2E-8E4A-BDCA16BAE1C8}.Debug|x64.Build.0 = Debug|x64
		{FA2AC685-12E6-4B2E-8E4A-BDCA16BAE1C8}.Debug|x86.ActiveCfg = Debug|Win32
		{FA2AC685-12E6-4B2E-8E4A-BDCA16BAE1C8}.Debug|x86.Build.0 = Debug|Win32
		{FA2AC685-12E6-4B2E-8E4A-BDCA16BAE1C8}.Release|x64.ActiveCfg = Release|x64
		{FA2AC685-12E6-4B2E-8E4A-BDCA16BAE1C8}.Release|x64.Build.0 = Release|x64
		{FA2AC685-12E6-4B2E-8E4A-BDCA16BAE1C8}.Release|x86.ActiveCfg = Release|Win32
		{FA2AC685-12E6-4B2E-8E4A-BDCA16BAE1C8}.Release|x86.Build.0 = Release|Win32
		{C47D37C3-0831-4C45-9C0A-939105CC052A}.Debug|x64.ActiveCfg = Debug|x64
		{C47D37C3-0831-4C45-9C0A-939105CC052A}.Debug|x64.Build.0 = Debug|x64
		{C47D37C3-0831-4C45-9C0A-939105CC052A}.Debug|x86.ActiveCfg = Debug|Win32
		{C47D37C3-0831-4C45-9C0A-939105CC052A}.Debug|x86.Build.0 = Debug|Win32
		{C47D37C3-0831-4C45-9C0A-939105CC052A}.Release|x64.ActiveCfg = Release|x64
		{C47D37C3-0831-4C45-9C0A-939105CC052A}.Release|x64.Build.0 = Release|x64
		{C47D37C3-0831-4C45-9C0A-939105CC052A}.Release|x86.ActiveCfg = Release|Win32
		{C47D37C3-0831-4C45-9C0A-939105CC052A}.Release|x86.Build.0 = Release|Win32
	EndGlobalSection
	GlobalSection(SolutionProperties) = preSolution
		HideSolutionNode = FALSE
	EndGlobalSection
	GlobalSection(ExtensibilityGlobals) = postSolution
		SolutionGuid = {B153888E-8952-4D16-B381-46CE6E81E5DD}
	EndGlobalSection
EndGlobal
